
Microsoft Visual Studio Solution File, Format Version 12.00
# Visual Studio Version 17
VisualStudioVersion = 17.0.32014.148
MinimumVisualStudioVersion = 10.0.40219.1
Project("{9A19103F-16F7-4668-BE54-9A1E7A4F7556}") = "WordpressRssFeed", "WordpressRssFeed\WordpressRssFeed.csproj", "{EAAA1941-B474-48C8-A1ED-1F3925EEA875}"
EndProject
Project("{FAE04EC0-301F-11D3-BF4B-00C04F79EFBC}") = "WordpressRssFeed.Test", "WordpressRssFeed.Test\WordpressRssFeed.Test.csproj", "{FE04C9B1-6929-48E2-B760-7558A3715B09}"
EndProject
Global
	GlobalSection(SolutionConfigurationPlatforms) = preSolution
		Debug|Any CPU = Debug|Any CPU
		Release|Any CPU = Release|Any CPU
	EndGlobalSection
	GlobalSection(ProjectConfigurationPlatforms) = postSolution
		{EAAA1941-B474-48C8-A1ED-1F3925EEA875}.Debug|Any CPU.ActiveCfg = Debug|Any CPU
		{EAAA1941-B474-48C8-A1ED-1F3925EEA875}.Debug|Any CPU.Build.0 = Debug|Any CPU
		{EAAA1941-B474-48C8-A1ED-1F3925EEA875}.Release|Any CPU.ActiveCfg = Release|Any CPU
		{EAAA1941-B474-48C8-A1ED-1F3925EEA875}.Release|Any CPU.Build.0 = Release|Any CPU
		{FE04C9B1-6929-48E2-B760-7558A3715B09}.Debug|Any CPU.ActiveCfg = Debug|Any CPU
		{FE04C9B1-6929-48E2-B760-7558A3715B09}.Debug|Any CPU.Build.0 = Debug|Any CPU
		{FE04C9B1-6929-48E2-B760-7558A3715B09}.Release|Any CPU.ActiveCfg = Release|Any CPU
		{FE04C9B1-6929-48E2-B760-7558A3715B09}.Release|Any CPU.Build.0 = Release|Any CPU
	EndGlobalSection
	GlobalSection(SolutionProperties) = preSolution
		HideSolutionNode = FALSE
	EndGlobalSection
	GlobalSection(ExtensibilityGlobals) = postSolution
		SolutionGuid = {37190924-5094-4EAF-8A45-04D840352638}
	EndGlobalSection
EndGlobal
